
Microsoft Visual Studio Solution File, Format Version 12.00
# Visual Studio 15
VisualStudioVersion = 15.0.28307.168
MinimumVisualStudioVersion = 10.0.40219.1
Project("{8BC9CEB8-8B4A-11D0-8D11-00A0C91BC942}") = "CSE461-Lab01", "CSE461-Lab01\CSE461-Lab01.vcxproj", "{71AAFAA5-88BA-40E5-8232-A031C75BB938}"
EndProject
Global
	GlobalSection(SolutionConfigurationPlatforms) = preSolution
		Debug|x64 = Debug|x64
		Debug|x86 = Debug|x86
		Release|x64 = Release|x64
		Release|x86 = Release|x86
	EndGlobalSection
	GlobalSection(ProjectConfigurationPlatforms) = postSolution
		{71AAFAA5-88BA-40E5-8232-A031C75BB938}.Debug|x64.ActiveCfg = Debug|x64
		{71AAFAA5-88BA-40E5-8232-A031C75BB938}.Debug|x64.Build.0 = Debug|x64
		{71AAFAA5-88BA-40E5-8232-A031C75BB938}.Debug|x86.ActiveCfg = Debug|Win32
		{71AAFAA5-88BA-40E5-8232-A031C75BB938}.Debug|x86.Build.0 = Debug|Win32
		{71AAFAA5-88BA-40E5-8232-A031C75BB938}.Release|x64.ActiveCfg = Release|x64
		{71AAFAA5-88BA-40E5-8232-A031C75BB938}.Release|x64.Build.0 = Release|x64
		{71AAFAA5-88BA-40E5-8232-A031C75BB938}.Release|x86.ActiveCfg = Release|Win32
		{71AAFAA5-88BA-40E5-8232-A031C75BB938}.Release|x86.Build.0 = Release|Win32
	EndGlobalSection
	GlobalSection(SolutionProperties) = preSolution
		HideSolutionNode = FALSE
	EndGlobalSection
	GlobalSection(ExtensibilityGlobals) = postSolution
		SolutionGuid = {C086DCBC-EEB6-4721-BDCF-849F79851A64}
	EndGlobalSection
EndGlobal
